
Microsoft Visual Studio Solution File, Format Version 12.00
# Visual Studio Version 16
VisualStudioVersion = 16.0.30804.86
MinimumVisualStudioVersion = 10.0.40219.1
Project("{FAE04EC0-301F-11D3-BF4B-00C04F79EFBC}") = "RoadMap_WA", "RoadMap_WA.csproj", "{82E4AE83-6536-4CA4-8D8C-3ACC61BD7FF3}"
EndProject
Global
	GlobalSection(SolutionConfigurationPlatforms) = preSolution
		Debug|Any CPU = Debug|Any CPU
		Release|Any CPU = Release|Any CPU
	EndGlobalSection
	GlobalSection(ProjectConfigurationPlatforms) = postSolution
		{82E4AE83-6536-4CA4-8D8C-3ACC61BD7FF3}.Debug|Any CPU.ActiveCfg = Debug|Any CPU
		{82E4AE83-6536-4CA4-8D8C-3ACC61BD7FF3}.Debug|Any CPU.Build.0 = Debug|Any CPU
		{82E4AE83-6536-4CA4-8D8C-3ACC61BD7FF3}.Release|Any CPU.ActiveCfg = Release|Any CPU
		{82E4AE83-6536-4CA4-8D8C-3ACC61BD7FF3}.Release|Any CPU.Build.0 = Release|Any CPU
	EndGlobalSection
	GlobalSection(SolutionProperties) = preSolution
		HideSolutionNode = FALSE
	EndGlobalSection
	GlobalSection(ExtensibilityGlobals) = postSolution
		SolutionGuid = {35282974-4087-4C00-A100-1F72F60CA431}
	EndGlobalSection
EndGlobal
